
Microsoft Visual Studio Solution File, Format Version 12.00
# Visual Studio Version 16
VisualStudioVersion = 25.0.1706.14
MinimumVisualStudioVersion = 10.0.40219.1
Project("{FAE04EC0-301F-11D3-BF4B-00C04F79EFBC}") = "vue-ts", "vue-ts.csproj", "{B5F35E5B-C499-4D67-8DA9-44EE5FF06175}"
EndProject
Global
	GlobalSection(SolutionConfigurationPlatforms) = preSolution
		Debug|Any CPU = Debug|Any CPU
		Release|Any CPU = Release|Any CPU
	EndGlobalSection
	GlobalSection(ProjectConfigurationPlatforms) = postSolution
		{B5F35E5B-C499-4D67-8DA9-44EE5FF06175}.Debug|Any CPU.ActiveCfg = Debug|Any CPU
		{B5F35E5B-C499-4D67-8DA9-44EE5FF06175}.Debug|Any CPU.Build.0 = Debug|Any CPU
		{B5F35E5B-C499-4D67-8DA9-44EE5FF06175}.Release|Any CPU.ActiveCfg = Release|Any CPU
		{B5F35E5B-C499-4D67-8DA9-44EE5FF06175}.Release|Any CPU.Build.0 = Release|Any CPU
	EndGlobalSection
	GlobalSection(SolutionProperties) = preSolution
		HideSolutionNode = FALSE
	EndGlobalSection
	GlobalSection(ExtensibilityGlobals) = postSolution
		SolutionGuid = {C2BCE533-4E00-4C4B-B8E9-CE29374DDDDE}
	EndGlobalSection
EndGlobal
